
Microsoft Visual Studio Solution File, Format Version 12.00
# Visual Studio Version 17
VisualStudioVersion = 17.5.33516.290
MinimumVisualStudioVersion = 10.0.40219.1
Project("{FAE04EC0-301F-11D3-BF4B-00C04F79EFBC}") = "Football", "Football\Football.csproj", "{D7652DEF-331E-42A6-9D1D-60A3FDCA21FE}"
EndProject
Global
	GlobalSection(SolutionConfigurationPlatforms) = preSolution
		Debug|Any CPU = Debug|Any CPU
		Release|Any CPU = Release|Any CPU
	EndGlobalSection
	GlobalSection(ProjectConfigurationPlatforms) = postSolution
		{D7652DEF-331E-42A6-9D1D-60A3FDCA21FE}.Debug|Any CPU.ActiveCfg = Debug|Any CPU
		{D7652DEF-331E-42A6-9D1D-60A3FDCA21FE}.Debug|Any CPU.Build.0 = Debug|Any CPU
		{D7652DEF-331E-42A6-9D1D-60A3FDCA21FE}.Release|Any CPU.ActiveCfg = Release|Any CPU
		{D7652DEF-331E-42A6-9D1D-60A3FDCA21FE}.Release|Any CPU.Build.0 = Release|Any CPU
	EndGlobalSection
	GlobalSection(SolutionProperties) = preSolution
		HideSolutionNode = FALSE
	EndGlobalSection
	GlobalSection(ExtensibilityGlobals) = postSolution
		SolutionGuid = {BB2F76CA-73A8-48F2-8FF1-D9F076715990}
	EndGlobalSection
EndGlobal
